
Microsoft Visual Studio Solution File, Format Version 12.00
# Visual Studio Version 16
VisualStudioVersion = 16.0.30204.135
MinimumVisualStudioVersion = 10.0.40219.1
Project("{FAE04EC0-301F-11D3-BF4B-00C04F79EFBC}") = "PickACardUI", "PickACardUI\PickACardUI.csproj", "{5DC9ECD3-D2F4-4DBE-8537-76901C33F6E6}"
EndProject
Global
	GlobalSection(SolutionConfigurationPlatforms) = preSolution
		Debug|Any CPU = Debug|Any CPU
		Release|Any CPU = Release|Any CPU
	EndGlobalSection
	GlobalSection(ProjectConfigurationPlatforms) = postSolution
		{5DC9ECD3-D2F4-4DBE-8537-76901C33F6E6}.Debug|Any CPU.ActiveCfg = Debug|Any CPU
		{5DC9ECD3-D2F4-4DBE-8537-76901C33F6E6}.Debug|Any CPU.Build.0 = Debug|Any CPU
		{5DC9ECD3-D2F4-4DBE-8537-76901C33F6E6}.Release|Any CPU.ActiveCfg = Release|Any CPU
		{5DC9ECD3-D2F4-4DBE-8537-76901C33F6E6}.Release|Any CPU.Build.0 = Release|Any CPU
	EndGlobalSection
	GlobalSection(SolutionProperties) = preSolution
		HideSolutionNode = FALSE
	EndGlobalSection
	GlobalSection(ExtensibilityGlobals) = postSolution
		SolutionGuid = {0AA7AF23-9D1B-4035-90E0-6077DDD8B531}
	EndGlobalSection
EndGlobal
